
Microsoft Visual Studio Solution File, Format Version 12.00
# Visual Studio Version 16
VisualStudioVersion = 16.0.30413.136
MinimumVisualStudioVersion = 10.0.40219.1
Project("{9A19103F-16F7-4668-BE54-9A1E7A4F7556}") = "HelloWorld.Console", "HelloWorld.Console\HelloWorld.Console.csproj", "{3100F544-6767-462B-85CC-FDA877D08D10}"
EndProject
Project("{FAE04EC0-301F-11D3-BF4B-00C04F79EFBC}") = "HelloWorld.Core", "HelloWorld.Core\HelloWorld.Core.csproj", "{5B494EFF-21E8-4890-A1F2-6602B3EACF3A}"
EndProject
Global
	GlobalSection(SolutionConfigurationPlatforms) = preSolution
		Debug|Any CPU = Debug|Any CPU
		Release|Any CPU = Release|Any CPU
	EndGlobalSection
	GlobalSection(ProjectConfigurationPlatforms) = postSolution
		{3100F544-6767-462B-85CC-FDA877D08D10}.Debug|Any CPU.ActiveCfg = Debug|Any CPU
		{3100F544-6767-462B-85CC-FDA877D08D10}.Debug|Any CPU.Build.0 = Debug|Any CPU
		{3100F544-6767-462B-85CC-FDA877D08D10}.Release|Any CPU.ActiveCfg = Release|Any CPU
		{3100F544-6767-462B-85CC-FDA877D08D10}.Release|Any CPU.Build.0 = Release|Any CPU
		{5B494EFF-21E8-4890-A1F2-6602B3EACF3A}.Debug|Any CPU.ActiveCfg = Debug|Any CPU
		{5B494EFF-21E8-4890-A1F2-6602B3EACF3A}.Debug|Any CPU.Build.0 = Debug|Any CPU
		{5B494EFF-21E8-4890-A1F2-6602B3EACF3A}.Release|Any CPU.ActiveCfg = Release|Any CPU
		{5B494EFF-21E8-4890-A1F2-6602B3EACF3A}.Release|Any CPU.Build.0 = Release|Any CPU
	EndGlobalSection
	GlobalSection(SolutionProperties) = preSolution
		HideSolutionNode = FALSE
	EndGlobalSection
	GlobalSection(ExtensibilityGlobals) = postSolution
		SolutionGuid = {1BEAC7A9-1455-449D-A049-03950AC25A52}
	EndGlobalSection
EndGlobal
